
Microsoft Visual Studio Solution File, Format Version 12.00
# Visual Studio 2012
Project("{FAE04EC0-301F-11D3-BF4B-00C04F79EFBC}") = "Configur", "src\Configur\Configur.csproj", "{382F36AC-CA19-4129-832C-A2274CD349E6}"
EndProject
Project("{FAE04EC0-301F-11D3-BF4B-00C04F79EFBC}") = "Configur.Tests", "src\Configur.Tests\Configur.Tests.csproj", "{5D9FCB0D-7497-49AF-BD69-D04980948F4D}"
EndProject
Global
	GlobalSection(SolutionConfigurationPlatforms) = preSolution
		Debug|Any CPU = Debug|Any CPU
		Release|Any CPU = Release|Any CPU
	EndGlobalSection
	GlobalSection(ProjectConfigurationPlatforms) = postSolution
		{382F36AC-CA19-4129-832C-A2274CD349E6}.Debug|Any CPU.ActiveCfg = Debug|Any CPU
		{382F36AC-CA19-4129-832C-A2274CD349E6}.Debug|Any CPU.Build.0 = Debug|Any CPU
		{382F36AC-CA19-4129-832C-A2274CD349E6}.Release|Any CPU.ActiveCfg = Release|Any CPU
		{382F36AC-CA19-4129-832C-A2274CD349E6}.Release|Any CPU.Build.0 = Release|Any CPU
		{5D9FCB0D-7497-49AF-BD69-D04980948F4D}.Debug|Any CPU.ActiveCfg = Debug|Any CPU
		{5D9FCB0D-7497-49AF-BD69-D04980948F4D}.Debug|Any CPU.Build.0 = Debug|Any CPU
		{5D9FCB0D-7497-49AF-BD69-D04980948F4D}.Release|Any CPU.ActiveCfg = Release|Any CPU
		{5D9FCB0D-7497-49AF-BD69-D04980948F4D}.Release|Any CPU.Build.0 = Release|Any CPU
	EndGlobalSection
EndGlobal
